// !$*UTF8*$!
{
	archiveVersion = 1;
	classes = {
	};
	objectVersion = 56;
	objects = {

/* Begin PBXBuildFile section */
		15C2585007762BD16371E69F /* Pods_Crypto_Arby.framework in Frameworks */ = {isa = PBXBuildFile; fileRef = D11BFD56D63692AB0B5DEAC8 /* Pods_Crypto_Arby.framework */; };
		A107A1702AB9D26600640F5B /* Tradable.swift in Sources */ = {isa = PBXBuildFile; fileRef = A107A16F2AB9D26600640F5B /* Tradable.swift */; };
		A10D642E2A66A86C00FD06DA /* Symbols.swift in Sources */ = {isa = PBXBuildFile; fileRef = A10D642D2A66A86C00FD06DA /* Symbols.swift */; };
		A10D64302A66AFAC00FD06DA /* StringKeys.swift in Sources */ = {isa = PBXBuildFile; fileRef = A10D642F2A66AFAC00FD06DA /* StringKeys.swift */; };
		A12127372A6E78CC008918A2 /* PricesCellView.swift in Sources */ = {isa = PBXBuildFile; fileRef = A12127362A6E78CC008918A2 /* PricesCellView.swift */; };
		A121273C2A6E9CCC008918A2 /* BinancePriceResponse.swift in Sources */ = {isa = PBXBuildFile; fileRef = A121273B2A6E9CCC008918A2 /* BinancePriceResponse.swift */; };
		A121273E2A6E9CEC008918A2 /* BitfinexPriceResponse.swift in Sources */ = {isa = PBXBuildFile; fileRef = A121273D2A6E9CEC008918A2 /* BitfinexPriceResponse.swift */; };
		A12127402A6E9D13008918A2 /* BybitPriceResponse.swift in Sources */ = {isa = PBXBuildFile; fileRef = A121273F2A6E9D13008918A2 /* BybitPriceResponse.swift */; };
		A1261A2E2AC6F79100B36750 /* LoginManager.swift in Sources */ = {isa = PBXBuildFile; fileRef = A1261A2D2AC6F79100B36750 /* LoginManager.swift */; };
		A1261A302AC6F86600B36750 /* KeychainManager.swift in Sources */ = {isa = PBXBuildFile; fileRef = A1261A2F2AC6F86600B36750 /* KeychainManager.swift */; };
		A1261A342AC7217800B36750 /* AccountView.swift in Sources */ = {isa = PBXBuildFile; fileRef = A1261A332AC7217800B36750 /* AccountView.swift */; };
		A1261A362AC721FE00B36750 /* AccountViewViewModel.swift in Sources */ = {isa = PBXBuildFile; fileRef = A1261A352AC721FE00B36750 /* AccountViewViewModel.swift */; };
		A1261A382AC7291300B36750 /* LoginButton.swift in Sources */ = {isa = PBXBuildFile; fileRef = A1261A372AC7291300B36750 /* LoginButton.swift */; };
		A1261A3A2AC72A0D00B36750 /* LoginFormView.swift in Sources */ = {isa = PBXBuildFile; fileRef = A1261A392AC72A0D00B36750 /* LoginFormView.swift */; };
		A128CC492AC2F46F008D9470 /* AppDelegate.swift in Sources */ = {isa = PBXBuildFile; fileRef = A128CC482AC2F46F008D9470 /* AppDelegate.swift */; };
		A128F2E52ACD72040000DCE0 /* NewCircularArbitrageViewModel.swift in Sources */ = {isa = PBXBuildFile; fileRef = A128F2E42ACD72040000DCE0 /* NewCircularArbitrageViewModel.swift */; };
		A128F2E72ACD78030000DCE0 /* CircularArbitrageExchangeSearchForm.swift in Sources */ = {isa = PBXBuildFile; fileRef = A128F2E62ACD78030000DCE0 /* CircularArbitrageExchangeSearchForm.swift */; };
		A128F2E92ACD7AF50000DCE0 /* CircularArbitrageCancelButtonView.swift in Sources */ = {isa = PBXBuildFile; fileRef = A128F2E82ACD7AF50000DCE0 /* CircularArbitrageCancelButtonView.swift */; };
		A128F2EB2ACD7CE90000DCE0 /* CircularArbitragePairSelectionView.swift in Sources */ = {isa = PBXBuildFile; fileRef = A128F2EA2ACD7CE90000DCE0 /* CircularArbitragePairSelectionView.swift */; };
		A134ABA42A67E15E00196092 /* PricesView.swift in Sources */ = {isa = PBXBuildFile; fileRef = A134ABA32A67E15E00196092 /* PricesView.swift */; };
		A134ABA62A67ED4000196092 /* Cryptocurrencies.swift in Sources */ = {isa = PBXBuildFile; fileRef = A134ABA52A67ED4000196092 /* Cryptocurrencies.swift */; };
		A134ABA92A67FA6D00196092 /* PricesViewViewModel.swift in Sources */ = {isa = PBXBuildFile; fileRef = A134ABA82A67FA6D00196092 /* PricesViewViewModel.swift */; };
		A134ABAC2A68147700196092 /* PricesModel.swift in Sources */ = {isa = PBXBuildFile; fileRef = A134ABAB2A68147700196092 /* PricesModel.swift */; };
		A13DAE402A711B40002FD780 /* OpportunityTypePickerView.swift in Sources */ = {isa = PBXBuildFile; fileRef = A13DAE3F2A711B40002FD780 /* OpportunityTypePickerView.swift */; };
		A13DAE422A711BE5002FD780 /* NewCrossArbitrageView.swift in Sources */ = {isa = PBXBuildFile; fileRef = A13DAE412A711BE5002FD780 /* NewCrossArbitrageView.swift */; };
		A13DAE442A711C16002FD780 /* NewCircularArbitrageView.swift in Sources */ = {isa = PBXBuildFile; fileRef = A13DAE432A711C16002FD780 /* NewCircularArbitrageView.swift */; };
		A14654222A6FBDDE007003F2 /* OpportunitiesView.swift in Sources */ = {isa = PBXBuildFile; fileRef = A14654212A6FBDDE007003F2 /* OpportunitiesView.swift */; };
		A14654242A6FD273007003F2 /* OpportinitiesViewViewModel.swift in Sources */ = {isa = PBXBuildFile; fileRef = A14654232A6FD273007003F2 /* OpportinitiesViewViewModel.swift */; };
		A16667402AC1BD9C0024E760 /* CrossArbitrageHistory+CoreDataClass.swift in Sources */ = {isa = PBXBuildFile; fileRef = A166673E2AC1BD9C0024E760 /* CrossArbitrageHistory+CoreDataClass.swift */; };
		A16667412AC1BD9C0024E760 /* CrossArbitrageHistory+CoreDataProperties.swift in Sources */ = {isa = PBXBuildFile; fileRef = A166673F2AC1BD9C0024E760 /* CrossArbitrageHistory+CoreDataProperties.swift */; };
		A16667432AC1C1510024E760 /* HistoryView.swift in Sources */ = {isa = PBXBuildFile; fileRef = A16667422AC1C1510024E760 /* HistoryView.swift */; };
		A16667452AC1C2010024E760 /* HistoryViewModel.swift in Sources */ = {isa = PBXBuildFile; fileRef = A16667442AC1C2010024E760 /* HistoryViewModel.swift */; };
		A16667472AC1C62C0024E760 /* HistoryCellView.swift in Sources */ = {isa = PBXBuildFile; fileRef = A16667462AC1C62C0024E760 /* HistoryCellView.swift */; };
		A18938062AB1B12B00DD321F /* CrossArbitrageOpportunity+CoreDataProperties.swift in Sources */ = {isa = PBXBuildFile; fileRef = A18938042AB1B12B00DD321F /* CrossArbitrageOpportunity+CoreDataProperties.swift */; };
		A18938082AB1BBA300DD321F /* OpportunitiesCellView.swift in Sources */ = {isa = PBXBuildFile; fileRef = A18938072AB1BBA300DD321F /* OpportunitiesCellView.swift */; };
		A189380C2AB1F00900DD321F /* ArbitrageOperation.swift in Sources */ = {isa = PBXBuildFile; fileRef = A189380B2AB1F00900DD321F /* ArbitrageOperation.swift */; };
		A1AC95722A726C070099FFA6 /* NewCrossArbitrageViewModel.swift in Sources */ = {isa = PBXBuildFile; fileRef = A1AC95712A726C070099FFA6 /* NewCrossArbitrageViewModel.swift */; };
		A1BD7B712A65505E002B3F48 /* Crypto_ArbyApp.swift in Sources */ = {isa = PBXBuildFile; fileRef = A1BD7B702A65505E002B3F48 /* Crypto_ArbyApp.swift */; };
		A1BD7B732A65505E002B3F48 /* MainView.swift in Sources */ = {isa = PBXBuildFile; fileRef = A1BD7B722A65505E002B3F48 /* MainView.swift */; };
		A1BD7B752A655061002B3F48 /* Assets.xcassets in Resources */ = {isa = PBXBuildFile; fileRef = A1BD7B742A655061002B3F48 /* Assets.xcassets */; };
		A1BD7B782A655061002B3F48 /* Preview Assets.xcassets in Resources */ = {isa = PBXBuildFile; fileRef = A1BD7B772A655061002B3F48 /* Preview Assets.xcassets */; };
		A1C8B4532ACC483F00D6A6E5 /* AccountCardView.swift in Sources */ = {isa = PBXBuildFile; fileRef = A1C8B4522ACC483F00D6A6E5 /* AccountCardView.swift */; };
		A1CC44512AC441C80067046D /* CurrencyTogglerView.swift in Sources */ = {isa = PBXBuildFile; fileRef = A1CC44502AC441C80067046D /* CurrencyTogglerView.swift */; };
		A1CC44532AC4421F0067046D /* CurrencySearchView.swift in Sources */ = {isa = PBXBuildFile; fileRef = A1CC44522AC4421F0067046D /* CurrencySearchView.swift */; };
		A1CC44552AC442470067046D /* ExchangeListView.swift in Sources */ = {isa = PBXBuildFile; fileRef = A1CC44542AC442470067046D /* ExchangeListView.swift */; };
		A1D532142ABF1807005D9AE4 /* OpportunitiesNavigationModel.swift in Sources */ = {isa = PBXBuildFile; fileRef = A1D532132ABF1807005D9AE4 /* OpportunitiesNavigationModel.swift */; };
		A1E2D6D72AC82B66001DA32C /* LoginFormViewViewModel.swift in Sources */ = {isa = PBXBuildFile; fileRef = A1E2D6D62AC82B66001DA32C /* LoginFormViewViewModel.swift */; };
		A1E8EDB02A7BFF6700996910 /* DataModels.xcdatamodeld in Sources */ = {isa = PBXBuildFile; fileRef = A1E8EDAE2A7BFF6700996910 /* DataModels.xcdatamodeld */; };
		A1E8EDBB2A7C020500996910 /* CrossArbitrageOpportunity+CoreDataClass.swift in Sources */ = {isa = PBXBuildFile; fileRef = A1E8EDB92A7C020500996910 /* CrossArbitrageOpportunity+CoreDataClass.swift */; };
		A1E8EDDF2A7C05F300996910 /* Persistence.swift in Sources */ = {isa = PBXBuildFile; fileRef = A1E8EDDE2A7C05F300996910 /* Persistence.swift */; };
		A1FF5D662A695D8A0002E981 /* PriceResponses.swift in Sources */ = {isa = PBXBuildFile; fileRef = A1FF5D652A695D8A0002E981 /* PriceResponses.swift */; };
		A1FF5D682A695E350002E981 /* Exchanges.swift in Sources */ = {isa = PBXBuildFile; fileRef = A1FF5D672A695E350002E981 /* Exchanges.swift */; };
		A1FF5D6A2A69726D0002E981 /* ErrorStrings.swift in Sources */ = {isa = PBXBuildFile; fileRef = A1FF5D692A69726D0002E981 /* ErrorStrings.swift */; };
		A1FFF2AB2AC444F3007CAF91 /* CrossArbitrageSearchList.swift in Sources */ = {isa = PBXBuildFile; fileRef = A1FFF2AA2AC444F3007CAF91 /* CrossArbitrageSearchList.swift */; };
		A1FFF2AD2AC445AC007CAF91 /* CrossArbitrageExchangeSelectionView.swift in Sources */ = {isa = PBXBuildFile; fileRef = A1FFF2AC2AC445AC007CAF91 /* CrossArbitrageExchangeSelectionView.swift */; };
		A1FFF2AF2AC446B0007CAF91 /* CrossArbitrageSaveButtonView.swift in Sources */ = {isa = PBXBuildFile; fileRef = A1FFF2AE2AC446B0007CAF91 /* CrossArbitrageSaveButtonView.swift */; };
		A1FFF2B12AC44926007CAF91 /* DatabaseManager.swift in Sources */ = {isa = PBXBuildFile; fileRef = A1FFF2B02AC44926007CAF91 /* DatabaseManager.swift */; };
		A1FFF2B32AC57D68007CAF91 /* GoogleService-Info.plist in Resources */ = {isa = PBXBuildFile; fileRef = A1FFF2B22AC57D68007CAF91 /* GoogleService-Info.plist */; };
/* End PBXBuildFile section */

/* Begin PBXFileReference section */
		4485E75D3733F7993D0F2CD4 /* Pods-Crypto Arby.release.xcconfig */ = {isa = PBXFileReference; includeInIndex = 1; lastKnownFileType = text.xcconfig; name = "Pods-Crypto Arby.release.xcconfig"; path = "Target Support Files/Pods-Crypto Arby/Pods-Crypto Arby.release.xcconfig"; sourceTree = "<group>"; };
		A107A16D2AB9CD2E00640F5B /* Crypto Arby.entitlements */ = {isa = PBXFileReference; lastKnownFileType = text.plist.entitlements; path = "Crypto Arby.entitlements"; sourceTree = "<group>"; };
		A107A16F2AB9D26600640F5B /* Tradable.swift */ = {isa = PBXFileReference; lastKnownFileType = sourcecode.swift; path = Tradable.swift; sourceTree = "<group>"; };
		A10D642D2A66A86C00FD06DA /* Symbols.swift */ = {isa = PBXFileReference; lastKnownFileType = sourcecode.swift; path = Symbols.swift; sourceTree = "<group>"; };
		A10D642F2A66AFAC00FD06DA /* StringKeys.swift */ = {isa = PBXFileReference; lastKnownFileType = sourcecode.swift; path = StringKeys.swift; sourceTree = "<group>"; };
		A12127362A6E78CC008918A2 /* PricesCellView.swift */ = {isa = PBXFileReference; lastKnownFileType = sourcecode.swift; path = PricesCellView.swift; sourceTree = "<group>"; };
		A121273B2A6E9CCC008918A2 /* BinancePriceResponse.swift */ = {isa = PBXFileReference; lastKnownFileType = sourcecode.swift; path = BinancePriceResponse.swift; sourceTree = "<group>"; };
		A121273D2A6E9CEC008918A2 /* BitfinexPriceResponse.swift */ = {isa = PBXFileReference; lastKnownFileType = sourcecode.swift; path = BitfinexPriceResponse.swift; sourceTree = "<group>"; };
		A121273F2A6E9D13008918A2 /* BybitPriceResponse.swift */ = {isa = PBXFileReference; lastKnownFileType = sourcecode.swift; path = BybitPriceResponse.swift; sourceTree = "<group>"; };
		A1261A2D2AC6F79100B36750 /* LoginManager.swift */ = {isa = PBXFileReference; lastKnownFileType = sourcecode.swift; path = LoginManager.swift; sourceTree = "<group>"; };
		A1261A2F2AC6F86600B36750 /* KeychainManager.swift */ = {isa = PBXFileReference; lastKnownFileType = sourcecode.swift; path = KeychainManager.swift; sourceTree = "<group>"; };
		A1261A332AC7217800B36750 /* AccountView.swift */ = {isa = PBXFileReference; lastKnownFileType = sourcecode.swift; path = AccountView.swift; sourceTree = "<group>"; };
		A1261A352AC721FE00B36750 /* AccountViewViewModel.swift */ = {isa = PBXFileReference; lastKnownFileType = sourcecode.swift; path = AccountViewViewModel.swift; sourceTree = "<group>"; };
		A1261A372AC7291300B36750 /* LoginButton.swift */ = {isa = PBXFileReference; lastKnownFileType = sourcecode.swift; path = LoginButton.swift; sourceTree = "<group>"; };
		A1261A392AC72A0D00B36750 /* LoginFormView.swift */ = {isa = PBXFileReference; lastKnownFileType = sourcecode.swift; path = LoginFormView.swift; sourceTree = "<group>"; };
		A128CC482AC2F46F008D9470 /* AppDelegate.swift */ = {isa = PBXFileReference; lastKnownFileType = sourcecode.swift; path = AppDelegate.swift; sourceTree = "<group>"; };
		A128F2E42ACD72040000DCE0 /* NewCircularArbitrageViewModel.swift */ = {isa = PBXFileReference; lastKnownFileType = sourcecode.swift; path = NewCircularArbitrageViewModel.swift; sourceTree = "<group>"; };
		A128F2E62ACD78030000DCE0 /* CircularArbitrageExchangeSearchForm.swift */ = {isa = PBXFileReference; lastKnownFileType = sourcecode.swift; path = CircularArbitrageExchangeSearchForm.swift; sourceTree = "<group>"; };
		A128F2E82ACD7AF50000DCE0 /* CircularArbitrageCancelButtonView.swift */ = {isa = PBXFileReference; lastKnownFileType = sourcecode.swift; path = CircularArbitrageCancelButtonView.swift; sourceTree = "<group>"; };
		A128F2EA2ACD7CE90000DCE0 /* CircularArbitragePairSelectionView.swift */ = {isa = PBXFileReference; lastKnownFileType = sourcecode.swift; path = CircularArbitragePairSelectionView.swift; sourceTree = "<group>"; };
		A134ABA32A67E15E00196092 /* PricesView.swift */ = {isa = PBXFileReference; lastKnownFileType = sourcecode.swift; path = PricesView.swift; sourceTree = "<group>"; };
		A134ABA52A67ED4000196092 /* Cryptocurrencies.swift */ = {isa = PBXFileReference; lastKnownFileType = sourcecode.swift; path = Cryptocurrencies.swift; sourceTree = "<group>"; };
		A134ABA82A67FA6D00196092 /* PricesViewViewModel.swift */ = {isa = PBXFileReference; lastKnownFileType = sourcecode.swift; path = PricesViewViewModel.swift; sourceTree = "<group>"; };
		A134ABAB2A68147700196092 /* PricesModel.swift */ = {isa = PBXFileReference; lastKnownFileType = sourcecode.swift; path = PricesModel.swift; sourceTree = "<group>"; };
		A13DAE3F2A711B40002FD780 /* OpportunityTypePickerView.swift */ = {isa = PBXFileReference; lastKnownFileType = sourcecode.swift; path = OpportunityTypePickerView.swift; sourceTree = "<group>"; };
		A13DAE412A711BE5002FD780 /* NewCrossArbitrageView.swift */ = {isa = PBXFileReference; lastKnownFileType = sourcecode.swift; path = NewCrossArbitrageView.swift; sourceTree = "<group>"; };
		A13DAE432A711C16002FD780 /* NewCircularArbitrageView.swift */ = {isa = PBXFileReference; lastKnownFileType = sourcecode.swift; path = NewCircularArbitrageView.swift; sourceTree = "<group>"; };
		A14654212A6FBDDE007003F2 /* OpportunitiesView.swift */ = {isa = PBXFileReference; lastKnownFileType = sourcecode.swift; path = OpportunitiesView.swift; sourceTree = "<group>"; };
		A14654232A6FD273007003F2 /* OpportinitiesViewViewModel.swift */ = {isa = PBXFileReference; lastKnownFileType = sourcecode.swift; path = OpportinitiesViewViewModel.swift; sourceTree = "<group>"; };
		A166673E2AC1BD9C0024E760 /* CrossArbitrageHistory+CoreDataClass.swift */ = {isa = PBXFileReference; lastKnownFileType = sourcecode.swift; path = "CrossArbitrageHistory+CoreDataClass.swift"; sourceTree = "<group>"; };
		A166673F2AC1BD9C0024E760 /* CrossArbitrageHistory+CoreDataProperties.swift */ = {isa = PBXFileReference; lastKnownFileType = sourcecode.swift; path = "CrossArbitrageHistory+CoreDataProperties.swift"; sourceTree = "<group>"; };
		A16667422AC1C1510024E760 /* HistoryView.swift */ = {isa = PBXFileReference; lastKnownFileType = sourcecode.swift; path = HistoryView.swift; sourceTree = "<group>"; };
		A16667442AC1C2010024E760 /* HistoryViewModel.swift */ = {isa = PBXFileReference; lastKnownFileType = sourcecode.swift; path = HistoryViewModel.swift; sourceTree = "<group>"; };
		A16667462AC1C62C0024E760 /* HistoryCellView.swift */ = {isa = PBXFileReference; lastKnownFileType = sourcecode.swift; path = HistoryCellView.swift; sourceTree = "<group>"; };
		A18938042AB1B12B00DD321F /* CrossArbitrageOpportunity+CoreDataProperties.swift */ = {isa = PBXFileReference; lastKnownFileType = sourcecode.swift; path = "CrossArbitrageOpportunity+CoreDataProperties.swift"; sourceTree = "<group>"; };
		A18938072AB1BBA300DD321F /* OpportunitiesCellView.swift */ = {isa = PBXFileReference; lastKnownFileType = sourcecode.swift; path = OpportunitiesCellView.swift; sourceTree = "<group>"; };
		A18938092AB1D9A000DD321F /* Crypto-Arby-Info.plist */ = {isa = PBXFileReference; lastKnownFileType = text.plist; path = "Crypto-Arby-Info.plist"; sourceTree = SOURCE_ROOT; };
		A189380B2AB1F00900DD321F /* ArbitrageOperation.swift */ = {isa = PBXFileReference; lastKnownFileType = sourcecode.swift; path = ArbitrageOperation.swift; sourceTree = "<group>"; };
		A1AC95712A726C070099FFA6 /* NewCrossArbitrageViewModel.swift */ = {isa = PBXFileReference; lastKnownFileType = sourcecode.swift; path = NewCrossArbitrageViewModel.swift; sourceTree = "<group>"; };
		A1BD7B6D2A65505E002B3F48 /* Crypto Arby.app */ = {isa = PBXFileReference; explicitFileType = wrapper.application; includeInIndex = 0; path = "Crypto Arby.app"; sourceTree = BUILT_PRODUCTS_DIR; };
		A1BD7B702A65505E002B3F48 /* Crypto_ArbyApp.swift */ = {isa = PBXFileReference; lastKnownFileType = sourcecode.swift; path = Crypto_ArbyApp.swift; sourceTree = "<group>"; };
		A1BD7B722A65505E002B3F48 /* MainView.swift */ = {isa = PBXFileReference; lastKnownFileType = sourcecode.swift; path = MainView.swift; sourceTree = "<group>"; };
		A1BD7B742A655061002B3F48 /* Assets.xcassets */ = {isa = PBXFileReference; lastKnownFileType = folder.assetcatalog; path = Assets.xcassets; sourceTree = "<group>"; };
		A1BD7B772A655061002B3F48 /* Preview Assets.xcassets */ = {isa = PBXFileReference; lastKnownFileType = folder.assetcatalog; path = "Preview Assets.xcassets"; sourceTree = "<group>"; };
		A1C8B4522ACC483F00D6A6E5 /* AccountCardView.swift */ = {isa = PBXFileReference; lastKnownFileType = sourcecode.swift; path = AccountCardView.swift; sourceTree = "<group>"; };
		A1CC44502AC441C80067046D /* CurrencyTogglerView.swift */ = {isa = PBXFileReference; lastKnownFileType = sourcecode.swift; path = CurrencyTogglerView.swift; sourceTree = "<group>"; };
		A1CC44522AC4421F0067046D /* CurrencySearchView.swift */ = {isa = PBXFileReference; lastKnownFileType = sourcecode.swift; path = CurrencySearchView.swift; sourceTree = "<group>"; };
		A1CC44542AC442470067046D /* ExchangeListView.swift */ = {isa = PBXFileReference; lastKnownFileType = sourcecode.swift; path = ExchangeListView.swift; sourceTree = "<group>"; };
		A1D532132ABF1807005D9AE4 /* OpportunitiesNavigationModel.swift */ = {isa = PBXFileReference; lastKnownFileType = sourcecode.swift; path = OpportunitiesNavigationModel.swift; sourceTree = "<group>"; };
		A1E2D6D62AC82B66001DA32C /* LoginFormViewViewModel.swift */ = {isa = PBXFileReference; lastKnownFileType = sourcecode.swift; path = LoginFormViewViewModel.swift; sourceTree = "<group>"; };
		A1E8EDAF2A7BFF6700996910 /* DataModels.xcdatamodel */ = {isa = PBXFileReference; lastKnownFileType = wrapper.xcdatamodel; path = DataModels.xcdatamodel; sourceTree = "<group>"; };
		A1E8EDB92A7C020500996910 /* CrossArbitrageOpportunity+CoreDataClass.swift */ = {isa = PBXFileReference; lastKnownFileType = sourcecode.swift; path = "CrossArbitrageOpportunity+CoreDataClass.swift"; sourceTree = "<group>"; };
		A1E8EDDE2A7C05F300996910 /* Persistence.swift */ = {isa = PBXFileReference; lastKnownFileType = sourcecode.swift; path = Persistence.swift; sourceTree = "<group>"; };
		A1FF5D652A695D8A0002E981 /* PriceResponses.swift */ = {isa = PBXFileReference; lastKnownFileType = sourcecode.swift; path = PriceResponses.swift; sourceTree = "<group>"; };
		A1FF5D672A695E350002E981 /* Exchanges.swift */ = {isa = PBXFileReference; lastKnownFileType = sourcecode.swift; path = Exchanges.swift; sourceTree = "<group>"; };
		A1FF5D692A69726D0002E981 /* ErrorStrings.swift */ = {isa = PBXFileReference; lastKnownFileType = sourcecode.swift; path = ErrorStrings.swift; sourceTree = "<group>"; };
		A1FFF2AA2AC444F3007CAF91 /* CrossArbitrageSearchList.swift */ = {isa = PBXFileReference; lastKnownFileType = sourcecode.swift; path = CrossArbitrageSearchList.swift; sourceTree = "<group>"; };
		A1FFF2AC2AC445AC007CAF91 /* CrossArbitrageExchangeSelectionView.swift */ = {isa = PBXFileReference; lastKnownFileType = sourcecode.swift; path = CrossArbitrageExchangeSelectionView.swift; sourceTree = "<group>"; };
		A1FFF2AE2AC446B0007CAF91 /* CrossArbitrageSaveButtonView.swift */ = {isa = PBXFileReference; lastKnownFileType = sourcecode.swift; path = CrossArbitrageSaveButtonView.swift; sourceTree = "<group>"; };
		A1FFF2B02AC44926007CAF91 /* DatabaseManager.swift */ = {isa = PBXFileReference; lastKnownFileType = sourcecode.swift; path = DatabaseManager.swift; sourceTree = "<group>"; };
		A1FFF2B22AC57D68007CAF91 /* GoogleService-Info.plist */ = {isa = PBXFileReference; fileEncoding = 4; lastKnownFileType = text.plist.xml; path = "GoogleService-Info.plist"; sourceTree = "<group>"; };
		C4E43BA4C00A5A1A02918DD6 /* Pods-Crypto Arby.debug.xcconfig */ = {isa = PBXFileReference; includeInIndex = 1; lastKnownFileType = text.xcconfig; name = "Pods-Crypto Arby.debug.xcconfig"; path = "Target Support Files/Pods-Crypto Arby/Pods-Crypto Arby.debug.xcconfig"; sourceTree = "<group>"; };
		D11BFD56D63692AB0B5DEAC8 /* Pods_Crypto_Arby.framework */ = {isa = PBXFileReference; explicitFileType = wrapper.framework; includeInIndex = 0; path = Pods_Crypto_Arby.framework; sourceTree = BUILT_PRODUCTS_DIR; };
/* End PBXFileReference section */

/* Begin PBXFrameworksBuildPhase section */
		A1BD7B6A2A65505E002B3F48 /* Frameworks */ = {
			isa = PBXFrameworksBuildPhase;
			buildActionMask = 2147483647;
			files = (
				15C2585007762BD16371E69F /* Pods_Crypto_Arby.framework in Frameworks */,
			);
			runOnlyForDeploymentPostprocessing = 0;
		};
/* End PBXFrameworksBuildPhase section */

/* Begin PBXGroup section */
		5E6F30DCFCCA5A9B4DF53090 /* Pods */ = {
			isa = PBXGroup;
			children = (
				C4E43BA4C00A5A1A02918DD6 /* Pods-Crypto Arby.debug.xcconfig */,
				4485E75D3733F7993D0F2CD4 /* Pods-Crypto Arby.release.xcconfig */,
			);
			path = Pods;
			sourceTree = "<group>";
		};
		79DC94E37BD2CA08CD67846F /* Frameworks */ = {
			isa = PBXGroup;
			children = (
				D11BFD56D63692AB0B5DEAC8 /* Pods_Crypto_Arby.framework */,
			);
			name = Frameworks;
			sourceTree = "<group>";
		};
		A107A16E2AB9D25300640F5B /* Protocols */ = {
			isa = PBXGroup;
			children = (
				A107A16F2AB9D26600640F5B /* Tradable.swift */,
			);
			path = Protocols;
			sourceTree = "<group>";
		};
		A10D64252A66A32900FD06DA /* Constants */ = {
			isa = PBXGroup;
			children = (
				A10D642D2A66A86C00FD06DA /* Symbols.swift */,
				A10D642F2A66AFAC00FD06DA /* StringKeys.swift */,
				A134ABA52A67ED4000196092 /* Cryptocurrencies.swift */,
				A1FF5D672A695E350002E981 /* Exchanges.swift */,
				A1FF5D692A69726D0002E981 /* ErrorStrings.swift */,
			);
			path = Constants;
			sourceTree = "<group>";
		};
		A12127382A6E9C8A008918A2 /* PriceResponses */ = {
			isa = PBXGroup;
			children = (
				A1FF5D652A695D8A0002E981 /* PriceResponses.swift */,
				A121273B2A6E9CCC008918A2 /* BinancePriceResponse.swift */,
				A121273D2A6E9CEC008918A2 /* BitfinexPriceResponse.swift */,
				A121273F2A6E9D13008918A2 /* BybitPriceResponse.swift */,
			);
			path = PriceResponses;
			sourceTree = "<group>";
		};
		A1261A312AC7215800B36750 /* Account */ = {
			isa = PBXGroup;
			children = (
				A1261A332AC7217800B36750 /* AccountView.swift */,
				A1261A372AC7291300B36750 /* LoginButton.swift */,
				A1261A392AC72A0D00B36750 /* LoginFormView.swift */,
				A1C8B4522ACC483F00D6A6E5 /* AccountCardView.swift */,
			);
			path = Account;
			sourceTree = "<group>";
		};
		A128F2E02ACD70DB0000DCE0 /* CircularArbitrage */ = {
			isa = PBXGroup;
			children = (
				A13DAE432A711C16002FD780 /* NewCircularArbitrageView.swift */,
				A128F2E62ACD78030000DCE0 /* CircularArbitrageExchangeSearchForm.swift */,
				A128F2E82ACD7AF50000DCE0 /* CircularArbitrageCancelButtonView.swift */,
				A128F2EA2ACD7CE90000DCE0 /* CircularArbitragePairSelectionView.swift */,
			);
			path = CircularArbitrage;
			sourceTree = "<group>";
		};
		A128F2E12ACD70F30000DCE0 /* History */ = {
			isa = PBXGroup;
			children = (
				A16667422AC1C1510024E760 /* HistoryView.swift */,
				A16667462AC1C62C0024E760 /* HistoryCellView.swift */,
			);
			path = History;
			sourceTree = "<group>";
		};
		A134ABA72A67FA2000196092 /* ViewModels */ = {
			isa = PBXGroup;
			children = (
				A134ABA82A67FA6D00196092 /* PricesViewViewModel.swift */,
				A14654232A6FD273007003F2 /* OpportinitiesViewViewModel.swift */,
				A1AC95712A726C070099FFA6 /* NewCrossArbitrageViewModel.swift */,
				A16667442AC1C2010024E760 /* HistoryViewModel.swift */,
				A1261A352AC721FE00B36750 /* AccountViewViewModel.swift */,
				A1E2D6D62AC82B66001DA32C /* LoginFormViewViewModel.swift */,
				A128F2E42ACD72040000DCE0 /* NewCircularArbitrageViewModel.swift */,
			);
			path = ViewModels;
			sourceTree = "<group>";
		};
		A134ABAA2A68144B00196092 /* Models */ = {
			isa = PBXGroup;
			children = (
				A1D532122ABF17F9005D9AE4 /* Navigation */,
				A107A16E2AB9D25300640F5B /* Protocols */,
				A189380A2AB1EFF400DD321F /* Operations */,
				A1E8EDAD2A7BFF4400996910 /* Data */,
				A12127382A6E9C8A008918A2 /* PriceResponses */,
				A1FF5D6D2A6976650002E981 /* Mappers */,
				A134ABAB2A68147700196092 /* PricesModel.swift */,
			);
			path = Models;
			sourceTree = "<group>";
		};
		A13DAE3D2A7119F7002FD780 /* Opportunities */ = {
			isa = PBXGroup;
			children = (
				A128F2E02ACD70DB0000DCE0 /* CircularArbitrage */,
				A1FFF2A92AC444A2007CAF91 /* CrossArbitrage */,
				A14654212A6FBDDE007003F2 /* OpportunitiesView.swift */,
				A13DAE3F2A711B40002FD780 /* OpportunityTypePickerView.swift */,
				A18938072AB1BBA300DD321F /* OpportunitiesCellView.swift */,
			);
			path = Opportunities;
			sourceTree = "<group>";
		};
		A13DAE3E2A711A14002FD780 /* Prices */ = {
			isa = PBXGroup;
			children = (
				A134ABA32A67E15E00196092 /* PricesView.swift */,
				A12127362A6E78CC008918A2 /* PricesCellView.swift */,
				A1CC44502AC441C80067046D /* CurrencyTogglerView.swift */,
				A1CC44522AC4421F0067046D /* CurrencySearchView.swift */,
				A1CC44542AC442470067046D /* ExchangeListView.swift */,
			);
			path = Prices;
			sourceTree = "<group>";
		};
		A189380A2AB1EFF400DD321F /* Operations */ = {
			isa = PBXGroup;
			children = (
				A189380B2AB1F00900DD321F /* ArbitrageOperation.swift */,
			);
			path = Operations;
			sourceTree = "<group>";
		};
		A1BD7B642A65505E002B3F48 = {
			isa = PBXGroup;
			children = (
				A1BD7B6F2A65505E002B3F48 /* Crypto Arby */,
				A1BD7B6E2A65505E002B3F48 /* Products */,
				5E6F30DCFCCA5A9B4DF53090 /* Pods */,
				79DC94E37BD2CA08CD67846F /* Frameworks */,
			);
			sourceTree = "<group>";
		};
		A1BD7B6E2A65505E002B3F48 /* Products */ = {
			isa = PBXGroup;
			children = (
				A1BD7B6D2A65505E002B3F48 /* Crypto Arby.app */,
			);
			name = Products;
			sourceTree = "<group>";
		};
		A1BD7B6F2A65505E002B3F48 /* Crypto Arby */ = {
			isa = PBXGroup;
			children = (
				A1FFF2B22AC57D68007CAF91 /* GoogleService-Info.plist */,
				A107A16D2AB9CD2E00640F5B /* Crypto Arby.entitlements */,
				A18938092AB1D9A000DD321F /* Crypto-Arby-Info.plist */,
				A10D64252A66A32900FD06DA /* Constants */,
				A134ABAA2A68144B00196092 /* Models */,
				A1BD7B7F2A655858002B3F48 /* Views */,
				A134ABA72A67FA2000196092 /* ViewModels */,
				A1BD7B742A655061002B3F48 /* Assets.xcassets */,
				A128CC482AC2F46F008D9470 /* AppDelegate.swift */,
				A1BD7B702A65505E002B3F48 /* Crypto_ArbyApp.swift */,
				A1BD7B762A655061002B3F48 /* Preview Content */,
			);
			path = "Crypto Arby";
			sourceTree = "<group>";
		};
		A1BD7B762A655061002B3F48 /* Preview Content */ = {
			isa = PBXGroup;
			children = (
				A1BD7B772A655061002B3F48 /* Preview Assets.xcassets */,
			);
			path = "Preview Content";
			sourceTree = "<group>";
		};
		A1BD7B7F2A655858002B3F48 /* Views */ = {
			isa = PBXGroup;
			children = (
				A128F2E12ACD70F30000DCE0 /* History */,
				A1261A312AC7215800B36750 /* Account */,
				A13DAE3E2A711A14002FD780 /* Prices */,
				A13DAE3D2A7119F7002FD780 /* Opportunities */,
				A1BD7B722A65505E002B3F48 /* MainView.swift */,
			);
			path = Views;
			sourceTree = "<group>";
		};
		A1D532122ABF17F9005D9AE4 /* Navigation */ = {
			isa = PBXGroup;
			children = (
				A1D532132ABF1807005D9AE4 /* OpportunitiesNavigationModel.swift */,
			);
			path = Navigation;
			sourceTree = "<group>";
		};
		A1E8EDAD2A7BFF4400996910 /* Data */ = {
			isa = PBXGroup;
			children = (
				A1E8EDB82A7C01BA00996910 /* Classes */,
				A1E8EDB62A7C017900996910 /* Entities */,
				A1E8EDDE2A7C05F300996910 /* Persistence.swift */,
				A1FFF2B02AC44926007CAF91 /* DatabaseManager.swift */,
				A1261A2D2AC6F79100B36750 /* LoginManager.swift */,
				A1261A2F2AC6F86600B36750 /* KeychainManager.swift */,
			);
			path = Data;
			sourceTree = "<group>";
		};
		A1E8EDB62A7C017900996910 /* Entities */ = {
			isa = PBXGroup;
			children = (
				A1E8EDAE2A7BFF6700996910 /* DataModels.xcdatamodeld */,
			);
			path = Entities;
			sourceTree = "<group>";
		};
		A1E8EDB82A7C01BA00996910 /* Classes */ = {
			isa = PBXGroup;
			children = (
				A166673E2AC1BD9C0024E760 /* CrossArbitrageHistory+CoreDataClass.swift */,
				A166673F2AC1BD9C0024E760 /* CrossArbitrageHistory+CoreDataProperties.swift */,
				A1E8EDB92A7C020500996910 /* CrossArbitrageOpportunity+CoreDataClass.swift */,
				A18938042AB1B12B00DD321F /* CrossArbitrageOpportunity+CoreDataProperties.swift */,
			);
			path = Classes;
			sourceTree = "<group>";
		};
		A1FF5D6D2A6976650002E981 /* Mappers */ = {
			isa = PBXGroup;
			children = (
			);
			path = Mappers;
			sourceTree = "<group>";
		};
		A1FFF2A92AC444A2007CAF91 /* CrossArbitrage */ = {
			isa = PBXGroup;
			children = (
				A13DAE412A711BE5002FD780 /* NewCrossArbitrageView.swift */,
				A1FFF2AA2AC444F3007CAF91 /* CrossArbitrageSearchList.swift */,
				A1FFF2AC2AC445AC007CAF91 /* CrossArbitrageExchangeSelectionView.swift */,
				A1FFF2AE2AC446B0007CAF91 /* CrossArbitrageSaveButtonView.swift */,
			);
			path = CrossArbitrage;
			sourceTree = "<group>";
		};
/* End PBXGroup section */

/* Begin PBXNativeTarget section */
		A1BD7B6C2A65505E002B3F48 /* Crypto Arby */ = {
			isa = PBXNativeTarget;
			buildConfigurationList = A1BD7B7B2A655061002B3F48 /* Build configuration list for PBXNativeTarget "Crypto Arby" */;
			buildPhases = (
				219D1FA968A748F6B2989E57 /* [CP] Check Pods Manifest.lock */,
				A1BD7B692A65505E002B3F48 /* Sources */,
				A1BD7B6A2A65505E002B3F48 /* Frameworks */,
				A1BD7B6B2A65505E002B3F48 /* Resources */,
				8364FDB9443AA65E309D25AA /* [CP] Embed Pods Frameworks */,
			);
			buildRules = (
			);
			dependencies = (
			);
			name = "Crypto Arby";
			productName = "Crypto Arby";
			productReference = A1BD7B6D2A65505E002B3F48 /* Crypto Arby.app */;
			productType = "com.apple.product-type.application";
		};
/* End PBXNativeTarget section */

/* Begin PBXProject section */
		A1BD7B652A65505E002B3F48 /* Project object */ = {
			isa = PBXProject;
			attributes = {
				BuildIndependentTargetsInParallel = 1;
				LastSwiftUpdateCheck = 1430;
				LastUpgradeCheck = 1430;
				TargetAttributes = {
					A1BD7B6C2A65505E002B3F48 = {
						CreatedOnToolsVersion = 14.3.1;
					};
				};
			};
			buildConfigurationList = A1BD7B682A65505E002B3F48 /* Build configuration list for PBXProject "Crypto Arby" */;
			compatibilityVersion = "Xcode 14.0";
			developmentRegion = en;
			hasScannedForEncodings = 0;
			knownRegions = (
				en,
				Base,
			);
			mainGroup = A1BD7B642A65505E002B3F48;
			productRefGroup = A1BD7B6E2A65505E002B3F48 /* Products */;
			projectDirPath = "";
			projectRoot = "";
			targets = (
				A1BD7B6C2A65505E002B3F48 /* Crypto Arby */,
			);
		};
/* End PBXProject section */

/* Begin PBXResourcesBuildPhase section */
		A1BD7B6B2A65505E002B3F48 /* Resources */ = {
			isa = PBXResourcesBuildPhase;
			buildActionMask = 2147483647;
			files = (
				A1BD7B782A655061002B3F48 /* Preview Assets.xcassets in Resources */,
				A1BD7B752A655061002B3F48 /* Assets.xcassets in Resources */,
				A1FFF2B32AC57D68007CAF91 /* GoogleService-Info.plist in Resources */,
			);
			runOnlyForDeploymentPostprocessing = 0;
		};
/* End PBXResourcesBuildPhase section */

/* Begin PBXShellScriptBuildPhase section */
		219D1FA968A748F6B2989E57 /* [CP] Check Pods Manifest.lock */ = {
			isa = PBXShellScriptBuildPhase;
			buildActionMask = 2147483647;
			files = (
			);
			inputFileListPaths = (
			);
			inputPaths = (
				"${PODS_PODFILE_DIR_PATH}/Podfile.lock",
				"${PODS_ROOT}/Manifest.lock",
			);
			name = "[CP] Check Pods Manifest.lock";
			outputFileListPaths = (
			);
			outputPaths = (
				"$(DERIVED_FILE_DIR)/Pods-Crypto Arby-checkManifestLockResult.txt",
			);
			runOnlyForDeploymentPostprocessing = 0;
			shellPath = /bin/sh;
			shellScript = "diff \"${PODS_PODFILE_DIR_PATH}/Podfile.lock\" \"${PODS_ROOT}/Manifest.lock\" > /dev/null\nif [ $? != 0 ] ; then\n    # print error to STDERR\n    echo \"error: The sandbox is not in sync with the Podfile.lock. Run 'pod install' or update your CocoaPods installation.\" >&2\n    exit 1\nfi\n# This output is used by Xcode 'outputs' to avoid re-running this script phase.\necho \"SUCCESS\" > \"${SCRIPT_OUTPUT_FILE_0}\"\n";
			showEnvVarsInLog = 0;
		};
		8364FDB9443AA65E309D25AA /* [CP] Embed Pods Frameworks */ = {
			isa = PBXShellScriptBuildPhase;
			buildActionMask = 2147483647;
			files = (
			);
			inputFileListPaths = (
				"${PODS_ROOT}/Target Support Files/Pods-Crypto Arby/Pods-Crypto Arby-frameworks-${CONFIGURATION}-input-files.xcfilelist",
			);
			name = "[CP] Embed Pods Frameworks";
			outputFileListPaths = (
				"${PODS_ROOT}/Target Support Files/Pods-Crypto Arby/Pods-Crypto Arby-frameworks-${CONFIGURATION}-output-files.xcfilelist",
			);
			runOnlyForDeploymentPostprocessing = 0;
			shellPath = /bin/sh;
			shellScript = "\"${PODS_ROOT}/Target Support Files/Pods-Crypto Arby/Pods-Crypto Arby-frameworks.sh\"\n";
			showEnvVarsInLog = 0;
		};
/* End PBXShellScriptBuildPhase section */

/* Begin PBXSourcesBuildPhase section */
		A1BD7B692A65505E002B3F48 /* Sources */ = {
			isa = PBXSourcesBuildPhase;
			buildActionMask = 2147483647;
			files = (
				A10D642E2A66A86C00FD06DA /* Symbols.swift in Sources */,
				A1E8EDB02A7BFF6700996910 /* DataModels.xcdatamodeld in Sources */,
				A1BD7B732A65505E002B3F48 /* MainView.swift in Sources */,
				A1FFF2AD2AC445AC007CAF91 /* CrossArbitrageExchangeSelectionView.swift in Sources */,
				A14654242A6FD273007003F2 /* OpportinitiesViewViewModel.swift in Sources */,
				A12127372A6E78CC008918A2 /* PricesCellView.swift in Sources */,
				A1E2D6D72AC82B66001DA32C /* LoginFormViewViewModel.swift in Sources */,
				A1E8EDBB2A7C020500996910 /* CrossArbitrageOpportunity+CoreDataClass.swift in Sources */,
				A10D64302A66AFAC00FD06DA /* StringKeys.swift in Sources */,
				A16667402AC1BD9C0024E760 /* CrossArbitrageHistory+CoreDataClass.swift in Sources */,
				A189380C2AB1F00900DD321F /* ArbitrageOperation.swift in Sources */,
				A13DAE402A711B40002FD780 /* OpportunityTypePickerView.swift in Sources */,
				A1261A362AC721FE00B36750 /* AccountViewViewModel.swift in Sources */,
				A13DAE422A711BE5002FD780 /* NewCrossArbitrageView.swift in Sources */,
				A14654222A6FBDDE007003F2 /* OpportunitiesView.swift in Sources */,
				A1FFF2AB2AC444F3007CAF91 /* CrossArbitrageSearchList.swift in Sources */,
				A18938062AB1B12B00DD321F /* CrossArbitrageOpportunity+CoreDataProperties.swift in Sources */,
				A16667452AC1C2010024E760 /* HistoryViewModel.swift in Sources */,
				A128F2EB2ACD7CE90000DCE0 /* CircularArbitragePairSelectionView.swift in Sources */,
				A128F2E52ACD72040000DCE0 /* NewCircularArbitrageViewModel.swift in Sources */,
				A121273E2A6E9CEC008918A2 /* BitfinexPriceResponse.swift in Sources */,
				A1CC44552AC442470067046D /* ExchangeListView.swift in Sources */,
				A1C8B4532ACC483F00D6A6E5 /* AccountCardView.swift in Sources */,
				A1CC44532AC4421F0067046D /* CurrencySearchView.swift in Sources */,
				A18938082AB1BBA300DD321F /* OpportunitiesCellView.swift in Sources */,
				A128F2E92ACD7AF50000DCE0 /* CircularArbitrageCancelButtonView.swift in Sources */,
				A1FFF2B12AC44926007CAF91 /* DatabaseManager.swift in Sources */,
				A13DAE442A711C16002FD780 /* NewCircularArbitrageView.swift in Sources */,
				A134ABAC2A68147700196092 /* PricesModel.swift in Sources */,
				A1CC44512AC441C80067046D /* CurrencyTogglerView.swift in Sources */,
				A1261A342AC7217800B36750 /* AccountView.swift in Sources */,
				A128CC492AC2F46F008D9470 /* AppDelegate.swift in Sources */,
				A1D532142ABF1807005D9AE4 /* OpportunitiesNavigationModel.swift in Sources */,
				A16667412AC1BD9C0024E760 /* CrossArbitrageHistory+CoreDataProperties.swift in Sources */,
				A1FFF2AF2AC446B0007CAF91 /* CrossArbitrageSaveButtonView.swift in Sources */,
				A1FF5D682A695E350002E981 /* Exchanges.swift in Sources */,
				A134ABA42A67E15E00196092 /* PricesView.swift in Sources */,
				A128F2E72ACD78030000DCE0 /* CircularArbitrageExchangeSearchForm.swift in Sources */,
				A121273C2A6E9CCC008918A2 /* BinancePriceResponse.swift in Sources */,
				A1261A2E2AC6F79100B36750 /* LoginManager.swift in Sources */,
				A16667472AC1C62C0024E760 /* HistoryCellView.swift in Sources */,
				A1AC95722A726C070099FFA6 /* NewCrossArbitrageViewModel.swift in Sources */,
				A107A1702AB9D26600640F5B /* Tradable.swift in Sources */,
				A134ABA92A67FA6D00196092 /* PricesViewViewModel.swift in Sources */,
				A1261A3A2AC72A0D00B36750 /* LoginFormView.swift in Sources */,
				A1261A382AC7291300B36750 /* LoginButton.swift in Sources */,
				A16667432AC1C1510024E760 /* HistoryView.swift in Sources */,
				A1E8EDDF2A7C05F300996910 /* Persistence.swift in Sources */,
				A1FF5D662A695D8A0002E981 /* PriceResponses.swift in Sources */,
				A1261A302AC6F86600B36750 /* KeychainManager.swift in Sources */,
				A1FF5D6A2A69726D0002E981 /* ErrorStrings.swift in Sources */,
				A1BD7B712A65505E002B3F48 /* Crypto_ArbyApp.swift in Sources */,
				A134ABA62A67ED4000196092 /* Cryptocurrencies.swift in Sources */,
				A12127402A6E9D13008918A2 /* BybitPriceResponse.swift in Sources */,
			);
			runOnlyForDeploymentPostprocessing = 0;
		};
/* End PBXSourcesBuildPhase section */

/* Begin XCBuildConfiguration section */
		A1BD7B792A655061002B3F48 /* Debug */ = {
			isa = XCBuildConfiguration;
			buildSettings = {
				ALWAYS_SEARCH_USER_PATHS = NO;
				CLANG_ANALYZER_NONNULL = YES;
				CLANG_ANALYZER_NUMBER_OBJECT_CONVERSION = YES_AGGRESSIVE;
				CLANG_CXX_LANGUAGE_STANDARD = "gnu++20";
				CLANG_ENABLE_MODULES = YES;
				CLANG_ENABLE_OBJC_ARC = YES;
				CLANG_ENABLE_OBJC_WEAK = YES;
				CLANG_WARN_BLOCK_CAPTURE_AUTORELEASING = YES;
				CLANG_WARN_BOOL_CONVERSION = YES;
				CLANG_WARN_COMMA = YES;
				CLANG_WARN_CONSTANT_CONVERSION = YES;
				CLANG_WARN_DEPRECATED_OBJC_IMPLEMENTATIONS = YES;
				CLANG_WARN_DIRECT_OBJC_ISA_USAGE = YES_ERROR;
				CLANG_WARN_DOCUMENTATION_COMMENTS = YES;
				CLANG_WARN_EMPTY_BODY = YES;
				CLANG_WARN_ENUM_CONVERSION = YES;
				CLANG_WARN_INFINITE_RECURSION = YES;
				CLANG_WARN_INT_CONVERSION = YES;
				CLANG_WARN_NON_LITERAL_NULL_CONVERSION = YES;
				CLANG_WARN_OBJC_IMPLICIT_RETAIN_SELF = YES;
				CLANG_WARN_OBJC_LITERAL_CONVERSION = YES;
				CLANG_WARN_OBJC_ROOT_CLASS = YES_ERROR;
				CLANG_WARN_QUOTED_INCLUDE_IN_FRAMEWORK_HEADER = YES;
				CLANG_WARN_RANGE_LOOP_ANALYSIS = YES;
				CLANG_WARN_STRICT_PROTOTYPES = YES;
				CLANG_WARN_SUSPICIOUS_MOVE = YES;
				CLANG_WARN_UNGUARDED_AVAILABILITY = YES_AGGRESSIVE;
				CLANG_WARN_UNREACHABLE_CODE = YES;
				CLANG_WARN__DUPLICATE_METHOD_MATCH = YES;
				COPY_PHASE_STRIP = NO;
				DEBUG_INFORMATION_FORMAT = dwarf;
				ENABLE_STRICT_OBJC_MSGSEND = YES;
				ENABLE_TESTABILITY = YES;
				GCC_C_LANGUAGE_STANDARD = gnu11;
				GCC_DYNAMIC_NO_PIC = NO;
				GCC_NO_COMMON_BLOCKS = YES;
				GCC_OPTIMIZATION_LEVEL = 0;
				GCC_PREPROCESSOR_DEFINITIONS = (
					"DEBUG=1",
					"$(inherited)",
				);
				GCC_WARN_64_TO_32_BIT_CONVERSION = YES;
				GCC_WARN_ABOUT_RETURN_TYPE = YES_ERROR;
				GCC_WARN_UNDECLARED_SELECTOR = YES;
				GCC_WARN_UNINITIALIZED_AUTOS = YES_AGGRESSIVE;
				GCC_WARN_UNUSED_FUNCTION = YES;
				GCC_WARN_UNUSED_VARIABLE = YES;
				IPHONEOS_DEPLOYMENT_TARGET = 16.4;
				MTL_ENABLE_DEBUG_INFO = INCLUDE_SOURCE;
				MTL_FAST_MATH = YES;
				ONLY_ACTIVE_ARCH = YES;
				SDKROOT = iphoneos;
				SWIFT_ACTIVE_COMPILATION_CONDITIONS = DEBUG;
				SWIFT_OPTIMIZATION_LEVEL = "-Onone";
			};
			name = Debug;
		};
		A1BD7B7A2A655061002B3F48 /* Release */ = {
			isa = XCBuildConfiguration;
			buildSettings = {
				ALWAYS_SEARCH_USER_PATHS = NO;
				CLANG_ANALYZER_NONNULL = YES;
				CLANG_ANALYZER_NUMBER_OBJECT_CONVERSION = YES_AGGRESSIVE;
				CLANG_CXX_LANGUAGE_STANDARD = "gnu++20";
				CLANG_ENABLE_MODULES = YES;
				CLANG_ENABLE_OBJC_ARC = YES;
				CLANG_ENABLE_OBJC_WEAK = YES;
				CLANG_WARN_BLOCK_CAPTURE_AUTORELEASING = YES;
				CLANG_WARN_BOOL_CONVERSION = YES;
				CLANG_WARN_COMMA = YES;
				CLANG_WARN_CONSTANT_CONVERSION = YES;
				CLANG_WARN_DEPRECATED_OBJC_IMPLEMENTATIONS = YES;
				CLANG_WARN_DIRECT_OBJC_ISA_USAGE = YES_ERROR;
				CLANG_WARN_DOCUMENTATION_COMMENTS = YES;
				CLANG_WARN_EMPTY_BODY = YES;
				CLANG_WARN_ENUM_CONVERSION = YES;
				CLANG_WARN_INFINITE_RECURSION = YES;
				CLANG_WARN_INT_CONVERSION = YES;
				CLANG_WARN_NON_LITERAL_NULL_CONVERSION = YES;
				CLANG_WARN_OBJC_IMPLICIT_RETAIN_SELF = YES;
				CLANG_WARN_OBJC_LITERAL_CONVERSION = YES;
				CLANG_WARN_OBJC_ROOT_CLASS = YES_ERROR;
				CLANG_WARN_QUOTED_INCLUDE_IN_FRAMEWORK_HEADER = YES;
				CLANG_WARN_RANGE_LOOP_ANALYSIS = YES;
				CLANG_WARN_STRICT_PROTOTYPES = YES;
				CLANG_WARN_SUSPICIOUS_MOVE = YES;
				CLANG_WARN_UNGUARDED_AVAILABILITY = YES_AGGRESSIVE;
				CLANG_WARN_UNREACHABLE_CODE = YES;
				CLANG_WARN__DUPLICATE_METHOD_MATCH = YES;
				COPY_PHASE_STRIP = NO;
				DEBUG_INFORMATION_FORMAT = "dwarf-with-dsym";
				ENABLE_NS_ASSERTIONS = NO;
				ENABLE_STRICT_OBJC_MSGSEND = YES;
				GCC_C_LANGUAGE_STANDARD = gnu11;
				GCC_NO_COMMON_BLOCKS = YES;
				GCC_WARN_64_TO_32_BIT_CONVERSION = YES;
				GCC_WARN_ABOUT_RETURN_TYPE = YES_ERROR;
				GCC_WARN_UNDECLARED_SELECTOR = YES;
				GCC_WARN_UNINITIALIZED_AUTOS = YES_AGGRESSIVE;
				GCC_WARN_UNUSED_FUNCTION = YES;
				GCC_WARN_UNUSED_VARIABLE = YES;
				IPHONEOS_DEPLOYMENT_TARGET = 16.4;
				MTL_ENABLE_DEBUG_INFO = NO;
				MTL_FAST_MATH = YES;
				SDKROOT = iphoneos;
				SWIFT_COMPILATION_MODE = wholemodule;
				SWIFT_OPTIMIZATION_LEVEL = "-O";
				VALIDATE_PRODUCT = YES;
			};
			name = Release;
		};
		A1BD7B7C2A655061002B3F48 /* Debug */ = {
			isa = XCBuildConfiguration;
			baseConfigurationReference = C4E43BA4C00A5A1A02918DD6 /* Pods-Crypto Arby.debug.xcconfig */;
			buildSettings = {
				ASSETCATALOG_COMPILER_APPICON_NAME = AppIcon;
				ASSETCATALOG_COMPILER_GLOBAL_ACCENT_COLOR_NAME = AccentColor;
				CODE_SIGN_ENTITLEMENTS = "Crypto Arby/Crypto Arby.entitlements";
				CODE_SIGN_STYLE = Automatic;
				CURRENT_PROJECT_VERSION = 1;
				DEVELOPMENT_ASSET_PATHS = "\"Crypto Arby/Preview Content\"";
				DEVELOPMENT_TEAM = AA3RMFX7UX;
				ENABLE_PREVIEWS = YES;
				GENERATE_INFOPLIST_FILE = YES;
				INFOPLIST_FILE = "Crypto-Arby-Info.plist";
				INFOPLIST_KEY_UIApplicationSceneManifest_Generation = YES;
				INFOPLIST_KEY_UIApplicationSupportsIndirectInputEvents = YES;
				INFOPLIST_KEY_UILaunchScreen_Generation = YES;
				INFOPLIST_KEY_UISupportedInterfaceOrientations_iPad = "UIInterfaceOrientationPortrait UIInterfaceOrientationPortraitUpsideDown UIInterfaceOrientationLandscapeLeft UIInterfaceOrientationLandscapeRight";
				INFOPLIST_KEY_UISupportedInterfaceOrientations_iPhone = "UIInterfaceOrientationPortrait UIInterfaceOrientationLandscapeLeft UIInterfaceOrientationLandscapeRight";
				LD_RUNPATH_SEARCH_PATHS = (
					"$(inherited)",
					"@executable_path/Frameworks",
				);
				MARKETING_VERSION = 1.0;
				PRODUCT_BUNDLE_IDENTIFIER = "com.lukastupar.Crypto-Arby";
				PRODUCT_NAME = "$(TARGET_NAME)";
				SUPPORTED_PLATFORMS = "iphoneos iphonesimulator";
				SUPPORTS_MACCATALYST = YES;
				SUPPORTS_MAC_DESIGNED_FOR_IPHONE_IPAD = NO;
				SWIFT_EMIT_LOC_STRINGS = YES;
				SWIFT_VERSION = 5.0;
				TARGETED_DEVICE_FAMILY = "1,2";
			};
			name = Debug;
		};
		A1BD7B7D2A655061002B3F48 /* Release */ = {
			isa = XCBuildConfiguration;
			baseConfigurationReference = 4485E75D3733F7993D0F2CD4 /* Pods-Crypto Arby.release.xcconfig */;
			buildSettings = {
				ASSETCATALOG_COMPILER_APPICON_NAME = AppIcon;
				ASSETCATALOG_COMPILER_GLOBAL_ACCENT_COLOR_NAME = AccentColor;
				CODE_SIGN_ENTITLEMENTS = "Crypto Arby/Crypto Arby.entitlements";
				CODE_SIGN_STYLE = Automatic;
				CURRENT_PROJECT_VERSION = 1;
				DEVELOPMENT_ASSET_PATHS = "\"Crypto Arby/Preview Content\"";
				DEVELOPMENT_TEAM = AA3RMFX7UX;
				ENABLE_PREVIEWS = YES;
				GENERATE_INFOPLIST_FILE = YES;
				INFOPLIST_FILE = "Crypto-Arby-Info.plist";
				INFOPLIST_KEY_UIApplicationSceneManifest_Generation = YES;
				INFOPLIST_KEY_UIApplicationSupportsIndirectInputEvents = YES;
				INFOPLIST_KEY_UILaunchScreen_Generation = YES;
				INFOPLIST_KEY_UISupportedInterfaceOrientations_iPad = "UIInterfaceOrientationPortrait UIInterfaceOrientationPortraitUpsideDown UIInterfaceOrientationLandscapeLeft UIInterfaceOrientationLandscapeRight";
				INFOPLIST_KEY_UISupportedInterfaceOrientations_iPhone = "UIInterfaceOrientationPortrait UIInterfaceOrientationLandscapeLeft UIInterfaceOrientationLandscapeRight";
				LD_RUNPATH_SEARCH_PATHS = (
					"$(inherited)",
					"@executable_path/Frameworks",
				);
				MARKETING_VERSION = 1.0;
				PRODUCT_BUNDLE_IDENTIFIER = "com.lukastupar.Crypto-Arby";
				PRODUCT_NAME = "$(TARGET_NAME)";
				SUPPORTED_PLATFORMS = "iphoneos iphonesimulator";
				SUPPORTS_MACCATALYST = YES;
				SUPPORTS_MAC_DESIGNED_FOR_IPHONE_IPAD = NO;
				SWIFT_EMIT_LOC_STRINGS = YES;
				SWIFT_VERSION = 5.0;
				TARGETED_DEVICE_FAMILY = "1,2";
			};
			name = Release;
		};
/* End XCBuildConfiguration section */

/* Begin XCConfigurationList section */
		A1BD7B682A65505E002B3F48 /* Build configuration list for PBXProject "Crypto Arby" */ = {
			isa = XCConfigurationList;
			buildConfigurations = (
				A1BD7B792A655061002B3F48 /* Debug */,
				A1BD7B7A2A655061002B3F48 /* Release */,
			);
			defaultConfigurationIsVisible = 0;
			defaultConfigurationName = Release;
		};
		A1BD7B7B2A655061002B3F48 /* Build configuration list for PBXNativeTarget "Crypto Arby" */ = {
			isa = XCConfigurationList;
			buildConfigurations = (
				A1BD7B7C2A655061002B3F48 /* Debug */,
				A1BD7B7D2A655061002B3F48 /* Release */,
			);
			defaultConfigurationIsVisible = 0;
			defaultConfigurationName = Release;
		};
/* End XCConfigurationList section */

/* Begin XCVersionGroup section */
		A1E8EDAE2A7BFF6700996910 /* DataModels.xcdatamodeld */ = {
			isa = XCVersionGroup;
			children = (
				A1E8EDAF2A7BFF6700996910 /* DataModels.xcdatamodel */,
			);
			currentVersion = A1E8EDAF2A7BFF6700996910 /* DataModels.xcdatamodel */;
			path = DataModels.xcdatamodeld;
			sourceTree = "<group>";
			versionGroupType = wrapper.xcdatamodel;
		};
/* End XCVersionGroup section */
	};
	rootObject = A1BD7B652A65505E002B3F48 /* Project object */;
}
